<?xml version="1.0" encoding="utf-8"?>
<Project ToolsVersion="4.0" xmlns="http://schemas.microsoft.com/developer/msbuild/2003">
  <ItemGroup>
    <Filter Include="Source Files">
      <UniqueIdentifier>{4FC737F1-C7A5-4376-A066-2A32D752A2FF}</UniqueIdentifier>
      <Extensions>cpp;c;cc;cxx;def;odl;idl;hpj;bat;asm;asmx</Extensions>
    </Filter>
    <Filter Include="Header Files">
      <UniqueIdentifier>{93995380-89BD-4b04-88EB-625FBE52EBFB}</UniqueIdentifier>
      <Extensions>h;hh;hpp;hxx;hm;inl;inc;xsd</Extensions>
    </Filter>
    <Filter Include="Resource Files">
      <UniqueIdentifier>{67DA6AB6-F800-4c08-8B7A-83BB121AAD01}</UniqueIdentifier>
      <Extensions>rc;ico;cur;bmp;dlg;rc2;rct;bin;rgs;gif;jpg;jpeg;jpe;resx;tiff;tif;png;wav;mfcribbon-ms</Extensions>
    </Filter>
    <Filter Include="Header Files\Graphics">
      <UniqueIdentifier>{8bc66143-fef6-4f1a-b449-3db8cff6a1f2}</UniqueIdentifier>
    </Filter>
    <Filter Include="Source Files\Graphics">
      <UniqueIdentifier>{79698f17-1db2-4f47-b53f-49f1faa1eaaa}</UniqueIdentifier>
    </Filter>
    <Filter Include="Header Files\Sound">
      <UniqueIdentifier>{c69b0f95-7df8-4fd7-940e-8565e5ca5d89}</UniqueIdentifier>
    </Filter>
    <Filter Include="Source Files\Sound">
      <UniqueIdentifier>{3f8b5a45-2466-4c0d-bb40-4ba0a784d7f8}</UniqueIdentifier>
    </Filter>
    <Filter Include="Shaders">
      <UniqueIdentifier>{df6199bf-894a-444f-901f-235fc313c35c}</UniqueIdentifier>
    </Filter>
    <Filter Include="Shaders\Post">
      <UniqueIdentifier>{6fab7276-5ad4-4409-8077-db4118ac0628}</UniqueIdentifier>
    </Filter>
    <Filter Include="Shaders\Standard">
      <UniqueIdentifier>{8aaaa35e-e16f-448e-909a-9f9c799ad173}</UniqueIdentifier>
    </Filter>
    <Filter Include="Shaders\Geometry">
      <UniqueIdentifier>{734e9404-aed9-4d4f-bce8-256cc60d92ec}</UniqueIdentifier>
    </Filter>
    <Filter Include="Header Files\IO">
      <UniqueIdentifier>{0f6f31e3-96c9-4ecc-8754-16563b4f9583}</UniqueIdentifier>
    </Filter>
    <Filter Include="Source Files\IO">
      <UniqueIdentifier>{12d9fbf3-5768-4c05-b35d-784a92f2490e}</UniqueIdentifier>
    </Filter>
    <Filter Include="Maps">
      <UniqueIdentifier>{dc32d9fb-e37d-4e3d-97fb-13ed481e955a}</UniqueIdentifier>
    </Filter>
  </ItemGroup>
  <ItemGroup>
    <ClCompile Include="Main.cpp">
      <Filter>Source Files</Filter>
    </ClCompile>
    <ClCompile Include="Gamewindow.cpp">
      <Filter>Source Files</Filter>
    </ClCompile>
    <ClCompile Include="Player.cpp">
      <Filter>Source Files</Filter>
    </ClCompile>
    <ClCompile Include="Space.cpp">
      <Filter>Source Files</Filter>
    </ClCompile>
    <ClCompile Include="Shader.cpp">
      <Filter>Source Files\Graphics</Filter>
    </ClCompile>
    <ClCompile Include="Texture.cpp">
      <Filter>Source Files\Graphics</Filter>
    </ClCompile>
    <ClCompile Include="ObjModel.cpp">
      <Filter>Source Files\Graphics</Filter>
    </ClCompile>
    <ClCompile Include="Sound.cpp">
      <Filter>Source Files\Sound</Filter>
    </ClCompile>
    <ClCompile Include="SoundTest.cpp">
      <Filter>Source Files\Sound</Filter>
    </ClCompile>
    <ClCompile Include="FileLoader.cpp">
      <Filter>Source Files\IO</Filter>
    </ClCompile>
    <ClCompile Include="Skybox.cpp">
      <Filter>Source Files</Filter>
    </ClCompile>
    <ClCompile Include="Teleporter.cpp">
      <Filter>Source Files</Filter>
    </ClCompile>
    <ClCompile Include="Ray.cpp">
      <Filter>Source Files</Filter>
    </ClCompile>
  </ItemGroup>
  <ItemGroup>
    <ClInclude Include="Gamewindow.h">
      <Filter>Header Files</Filter>
    </ClInclude>
    <ClInclude Include="Space.h">
      <Filter>Header Files</Filter>
    </ClInclude>
    <ClInclude Include="ObjModel.h">
      <Filter>Header Files\Graphics</Filter>
    </ClInclude>
    <ClInclude Include="stb_image.h">
      <Filter>Header Files\Graphics</Filter>
    </ClInclude>
    <ClInclude Include="Texture.h">
      <Filter>Header Files\Graphics</Filter>
    </ClInclude>
    <ClInclude Include="Shader.h">
      <Filter>Header Files\Graphics</Filter>
    </ClInclude>
    <ClInclude Include="Player.h">
      <Filter>Header Files</Filter>
    </ClInclude>
    <ClInclude Include="Sound.h">
      <Filter>Header Files\Sound</Filter>
    </ClInclude>
    <ClInclude Include="SoundTest.h">
      <Filter>Header Files\Sound</Filter>
    </ClInclude>
    <ClInclude Include="FileLoader.h">
      <Filter>Header Files\IO</Filter>
    </ClInclude>
    <ClInclude Include="Skybox.h">
      <Filter>Header Files</Filter>
    </ClInclude>
    <ClInclude Include="Teleporter.h">
      <Filter>Header Files</Filter>
    </ClInclude>
    <ClInclude Include="Ray.h">
      <Filter>Header Files</Filter>
    </ClInclude>
  </ItemGroup>
  <ItemGroup>
    <None Include="Shaders\blackandwhite.fs">
      <Filter>Shaders\Post</Filter>
    </None>
    <None Include="Shaders\blackandwhite.vs">
      <Filter>Shaders\Post</Filter>
    </None>
    <None Include="Shaders\blur.fs">
      <Filter>Shaders\Post</Filter>
    </None>
    <None Include="Shaders\blur.vs">
      <Filter>Shaders\Post</Filter>
    </None>
    <None Include="Shaders\colourwarp.fs">
      <Filter>Shaders\Post</Filter>
    </None>
    <None Include="Shaders\colourwarp.vs">
      <Filter>Shaders\Post</Filter>
    </None>
    <None Include="Shaders\filmgrain.fs">
      <Filter>Shaders\Post</Filter>
    </None>
    <None Include="Shaders\filmgrain.vs">
      <Filter>Shaders\Post</Filter>
    </None>
    <None Include="Shaders\laplace.fs">
      <Filter>Shaders\Post</Filter>
    </None>
    <None Include="Shaders\laplace.vs">
      <Filter>Shaders\Post</Filter>
    </None>
    <None Include="Shaders\negative.fs">
      <Filter>Shaders\Post</Filter>
    </None>
    <None Include="Shaders\negative.vs">
      <Filter>Shaders\Post</Filter>
    </None>
    <None Include="Shaders\procedural.fs">
      <Filter>Shaders\Standard</Filter>
    </None>
    <None Include="Shaders\procedural.vs">
      <Filter>Shaders\Standard</Filter>
    </None>
    <None Include="Shaders\rainbow.fs">
      <Filter>Shaders\Standard</Filter>
    </None>
    <None Include="Shaders\rainbow.vs">
      <Filter>Shaders\Standard</Filter>
    </None>
    <None Include="Shaders\screenwarp.fs">
      <Filter>Shaders\Post</Filter>
    </None>
    <None Include="Shaders\screenwarp.vs">
      <Filter>Shaders\Post</Filter>
    </None>
    <None Include="Shaders\sharpening.vs">
      <Filter>Shaders\Post</Filter>
    </None>
    <None Include="Shaders\sharpening.fs">
      <Filter>Shaders\Post</Filter>
    </None>
    <None Include="Shaders\simple.fs">
      <Filter>Shaders\Standard</Filter>
    </None>
    <None Include="Shaders\simple.vs">
      <Filter>Shaders\Standard</Filter>
    </None>
    <None Include="Shaders\specular.fs">
      <Filter>Shaders\Standard</Filter>
    </None>
    <None Include="Shaders\specular.vs">
      <Filter>Shaders\Standard</Filter>
    </None>
    <None Include="Shaders\texture.vs">
      <Filter>Shaders\Standard</Filter>
    </None>
    <None Include="Shaders\texture.fs">
      <Filter>Shaders\Standard</Filter>
    </None>
    <None Include="Shaders\textureanim.fs">
      <Filter>Shaders\Standard</Filter>
    </None>
    <None Include="Shaders\toon.fs">
      <Filter>Shaders\Standard</Filter>
    </None>
    <None Include="Shaders\textureanim.vs">
      <Filter>Shaders\Standard</Filter>
    </None>
    <None Include="Shaders\toon.vs">
      <Filter>Shaders\Standard</Filter>
    </None>
    <None Include="Shaders\tvgrain.fs">
      <Filter>Shaders\Standard</Filter>
    </None>
    <None Include="Shaders\tvgrain.vs">
      <Filter>Shaders\Standard</Filter>
    </None>
    <None Include="Shaders\explosion.gs">
      <Filter>Shaders\Geometry</Filter>
    </None>
    <None Include="Shaders\standard.gs">
      <Filter>Shaders\Geometry</Filter>
    </None>
    <None Include="Shaders\test.fs">
      <Filter>Shaders\Standard</Filter>
    </None>
    <None Include="Shaders\test.vs">
      <Filter>Shaders\Standard</Filter>
    </None>
    <None Include="Shaders\standardpost.gs">
      <Filter>Shaders\Geometry</Filter>
    </None>
    <None Include="Shaders\implosion.gs">
      <Filter>Shaders\Geometry</Filter>
    </None>
    <None Include="Shaders\scope.vs">
      <Filter>Shaders\Post</Filter>
    </None>
    <None Include="Shaders\scope.fs">
      <Filter>Shaders\Post</Filter>
    </None>
    <None Include="maps\Room.map">
      <Filter>Maps</Filter>
    </None>
    <None Include="maps\TowerCity.map">
      <Filter>Maps</Filter>
    </None>
  </ItemGroup>
</Project>